Microsoft Visual Studio Solution File, Format Version 12.00
# Visual Studio Version 17
VisualStudioVersion = 17.0.31903.59
MinimumVisualStudioVersion = 10.0.40219.1
Project("{FAE04EC0-301F-11D3-BF4B-00C04F79EFBC}") = "HoangTLM.Host", "HoangTLM.Host\HoangTLM.Host.csproj", "{79AD01AA-6CBB-4A50-9A99-F8B932E7B41E}"
EndProject
Project("{FAE04EC0-301F-11D3-BF4B-00C04F79EFBC}") = "HoangTLM.Auth", "HoangTLM.Auth\HoangTLM.Auth.csproj", "{7AB021AB-00C4-4767-8939-CF4A493D606F}"
EndProject
Project("{FAE04EC0-301F-11D3-BF4B-00C04F79EFBC}") = "HoangTLM.Entities", "HoangTLM.Entities\HoangTLM.Entities.csproj", "{93D8E0C6-742C-4D48-9764-FB57D7B26420}"
EndProject
Project("{FAE04EC0-301F-11D3-BF4B-00C04F79EFBC}") = "HoangTLM.EntityFramework", "HoangTLM.EntityFramework\HoangTLM.EntityFramework.csproj", "{2BCD89FF-0E63-4F78-8E6E-2CFEB27804F6}"
EndProject
Global
	GlobalSection(SolutionConfigurationPlatforms) = preSolution
		Debug|Any CPU = Debug|Any CPU
		Release|Any CPU = Release|Any CPU
	EndGlobalSection
	GlobalSection(SolutionProperties) = preSolution
		HideSolutionNode = FALSE
	EndGlobalSection
	GlobalSection(ProjectConfigurationPlatforms) = postSolution
		{79AD01AA-6CBB-4A50-9A99-F8B932E7B41E}.Debug|Any CPU.ActiveCfg = Debug|Any CPU
		{79AD01AA-6CBB-4A50-9A99-F8B932E7B41E}.Debug|Any CPU.Build.0 = Debug|Any CPU
		{79AD01AA-6CBB-4A50-9A99-F8B932E7B41E}.Release|Any CPU.ActiveCfg = Release|Any CPU
		{79AD01AA-6CBB-4A50-9A99-F8B932E7B41E}.Release|Any CPU.Build.0 = Release|Any CPU
		{7AB021AB-00C4-4767-8939-CF4A493D606F}.Debug|Any CPU.ActiveCfg = Debug|Any CPU
		{7AB021AB-00C4-4767-8939-CF4A493D606F}.Debug|Any CPU.Build.0 = Debug|Any CPU
		{7AB021AB-00C4-4767-8939-CF4A493D606F}.Release|Any CPU.ActiveCfg = Release|Any CPU
		{7AB021AB-00C4-4767-8939-CF4A493D606F}.Release|Any CPU.Build.0 = Release|Any CPU
		{93D8E0C6-742C-4D48-9764-FB57D7B26420}.Debug|Any CPU.ActiveCfg = Debug|Any CPU
		{93D8E0C6-742C-4D48-9764-FB57D7B26420}.Debug|Any CPU.Build.0 = Debug|Any CPU
		{93D8E0C6-742C-4D48-9764-FB57D7B26420}.Release|Any CPU.ActiveCfg = Release|Any CPU
		{93D8E0C6-742C-4D48-9764-FB57D7B26420}.Release|Any CPU.Build.0 = Release|Any CPU
		{2BCD89FF-0E63-4F78-8E6E-2CFEB27804F6}.Debug|Any CPU.ActiveCfg = Debug|Any CPU
		{2BCD89FF-0E63-4F78-8E6E-2CFEB27804F6}.Debug|Any CPU.Build.0 = Debug|Any CPU
		{2BCD89FF-0E63-4F78-8E6E-2CFEB27804F6}.Release|Any CPU.ActiveCfg = Release|Any CPU
		{2BCD89FF-0E63-4F78-8E6E-2CFEB27804F6}.Release|Any CPU.Build.0 = Release|Any CPU
	EndGlobalSection
EndGlobal
